Microsoft Visual Studio Solution File, Format Version 12.00
# Visual Studio Version 17
VisualStudioVersion = 17.11.35327.3
MinimumVisualStudioVersion = 10.0.40219.1
Project("{9A19103F-16F7-4668-BE54-9A1E7A4F7556}") = "Aspire.MassTransitRabbitMQ.Sample.AppHost", "Aspire.MassTransitRabbitMQ.Sample.AppHost\Aspire.MassTransitRabbitMQ.Sample.AppHost.csproj", "{A1973E5B-2A82-4E66-B98E-C422D3147AA1}"
EndProject
Project("{9A19103F-16F7-4668-BE54-9A1E7A4F7556}") = "Aspire.MassTransitRabbitMQ.Sample.ServiceDefaults", "Aspire.MassTransitRabbitMQ.Sample.ServiceDefaults\Aspire.MassTransitRabbitMQ.Sample.ServiceDefaults.csproj", "{BCD9BCA2-779E-41DD-A883-E634840361D3}"
EndProject
Project("{9A19103F-16F7-4668-BE54-9A1E7A4F7556}") = "Aspire.MassTransitRabbitMQ.Sample.Common", "Aspire.MassTransitRabbitMQ.Sample.Common\Aspire.MassTransitRabbitMQ.Sample.Common.csproj", "{FB95B22B-6342-4DB1-8E3D-4C31AF8EA525}"
EndProject
Project("{9A19103F-16F7-4668-BE54-9A1E7A4F7556}") = "Aspire.MassTransitRabbitMQ.Sample.AppSender", "Aspire.MassTransitRabbitMQ.Sample.AppSender\Aspire.MassTransitRabbitMQ.Sample.AppSender.csproj", "{21628F2E-5AD5-405F-998D-7FD6594217DD}"
EndProject
Project("{9A19103F-16F7-4668-BE54-9A1E7A4F7556}") = "Aspire.MassTransitRabbitMQ.Sample.AppReceiver", "Aspire.MassTransitRabbitMQ.Sample.AppReceiver\Aspire.MassTransitRabbitMQ.Sample.AppReceiver.csproj", "{578D1DE2-A23D-4AEE-B867-6EA44493865F}"
EndProject
Global
	GlobalSection(SolutionConfigurationPlatforms) = preSolution
		Debug|Any CPU = Debug|Any CPU
		Release|Any CPU = Release|Any CPU
	EndGlobalSection
	GlobalSection(ProjectConfigurationPlatforms) = postSolution
		{A1973E5B-2A82-4E66-B98E-C422D3147AA1}.Debug|Any CPU.ActiveCfg = Debug|Any CPU
		{A1973E5B-2A82-4E66-B98E-C422D3147AA1}.Debug|Any CPU.Build.0 = Debug|Any CPU
		{A1973E5B-2A82-4E66-B98E-C422D3147AA1}.Release|Any CPU.ActiveCfg = Release|Any CPU
		{A1973E5B-2A82-4E66-B98E-C422D3147AA1}.Release|Any CPU.Build.0 = Release|Any CPU
		{BCD9BCA2-779E-41DD-A883-E634840361D3}.Debug|Any CPU.ActiveCfg = Debug|Any CPU
		{BCD9BCA2-779E-41DD-A883-E634840361D3}.Debug|Any CPU.Build.0 = Debug|Any CPU
		{BCD9BCA2-779E-41DD-A883-E634840361D3}.Release|Any CPU.ActiveCfg = Release|Any CPU
		{BCD9BCA2-779E-41DD-A883-E634840361D3}.Release|Any CPU.Build.0 = Release|Any CPU
		{FB95B22B-6342-4DB1-8E3D-4C31AF8EA525}.Debug|Any CPU.ActiveCfg = Debug|Any CPU
		{FB95B22B-6342-4DB1-8E3D-4C31AF8EA525}.Debug|Any CPU.Build.0 = Debug|Any CPU
		{FB95B22B-6342-4DB1-8E3D-4C31AF8EA525}.Release|Any CPU.ActiveCfg = Release|Any CPU
		{FB95B22B-6342-4DB1-8E3D-4C31AF8EA525}.Release|Any CPU.Build.0 = Release|Any CPU
		{21628F2E-5AD5-405F-998D-7FD6594217DD}.Debug|Any CPU.ActiveCfg = Debug|Any CPU
		{21628F2E-5AD5-405F-998D-7FD6594217DD}.Debug|Any CPU.Build.0 = Debug|Any CPU
		{21628F2E-5AD5-405F-998D-7FD6594217DD}.Release|Any CPU.ActiveCfg = Release|Any CPU
		{21628F2E-5AD5-405F-998D-7FD6594217DD}.Release|Any CPU.Build.0 = Release|Any CPU
		{578D1DE2-A23D-4AEE-B867-6EA44493865F}.Debug|Any CPU.ActiveCfg = Debug|Any CPU
		{578D1DE2-A23D-4AEE-B867-6EA44493865F}.Debug|Any CPU.Build.0 = Debug|Any CPU
		{578D1DE2-A23D-4AEE-B867-6EA44493865F}.Release|Any CPU.ActiveCfg = Release|Any CPU
		{578D1DE2-A23D-4AEE-B867-6EA44493865F}.Release|Any CPU.Build.0 = Release|Any CPU
	EndGlobalSection
	GlobalSection(SolutionProperties) = preSolution
		HideSolutionNode = FALSE
	EndGlobalSection
	GlobalSection(ExtensibilityGlobals) = postSolution
		SolutionGuid = {40C18417-7BD2-475A-8A23-8AC7FD3BD567}
	EndGlobalSection
EndGlobal
